
Microsoft Visual Studio Solution File, Format Version 12.00
# Visual Studio Version 16
VisualStudioVersion = 16.0.31729.503
MinimumVisualStudioVersion = 10.0.40219.1
Project("{FAE04EC0-301F-11D3-BF4B-00C04F79EFBC}") = "InterfaceSegregationUsingFalse", "InterfaceSegregationUsingFalse\InterfaceSegregationUsingFalse.csproj", "{79ED8CAE-A364-45A6-B88F-365DFF73C3C6}"
EndProject
Project("{FAE04EC0-301F-11D3-BF4B-00C04F79EFBC}") = "InterfaceSegregationUsingTrue", "InterfaceSegregationUsingTrue\InterfaceSegregationUsingTrue.csproj", "{9CD57FF3-F31B-4A46-B35D-93F661620D96}"
EndProject
Global
	GlobalSection(SolutionConfigurationPlatforms) = preSolution
		Debug|Any CPU = Debug|Any CPU
		Release|Any CPU = Release|Any CPU
	EndGlobalSection
	GlobalSection(ProjectConfigurationPlatforms) = postSolution
		{79ED8CAE-A364-45A6-B88F-365DFF73C3C6}.Debug|Any CPU.ActiveCfg = Debug|Any CPU
		{79ED8CAE-A364-45A6-B88F-365DFF73C3C6}.Debug|Any CPU.Build.0 = Debug|Any CPU
		{79ED8CAE-A364-45A6-B88F-365DFF73C3C6}.Release|Any CPU.ActiveCfg = Release|Any CPU
		{79ED8CAE-A364-45A6-B88F-365DFF73C3C6}.Release|Any CPU.Build.0 = Release|Any CPU
		{9CD57FF3-F31B-4A46-B35D-93F661620D96}.Debug|Any CPU.ActiveCfg = Debug|Any CPU
		{9CD57FF3-F31B-4A46-B35D-93F661620D96}.Debug|Any CPU.Build.0 = Debug|Any CPU
		{9CD57FF3-F31B-4A46-B35D-93F661620D96}.Release|Any CPU.ActiveCfg = Release|Any CPU
		{9CD57FF3-F31B-4A46-B35D-93F661620D96}.Release|Any CPU.Build.0 = Release|Any CPU
	EndGlobalSection
	GlobalSection(SolutionProperties) = preSolution
		HideSolutionNode = FALSE
	EndGlobalSection
	GlobalSection(ExtensibilityGlobals) = postSolution
		SolutionGuid = {043FCEA6-A806-478F-82E3-48FE85CF8E82}
	EndGlobalSection
EndGlobal
